# THIS IS AN AUTOGENERATED FILE. DO NOT EDIT THIS FILE DIRECTLY.
# yarn lockfile v1


immer@^9.0.5:
  version "9.0.5"
  resolved "https://registry.yarnpkg.com/immer/-/immer-9.0.5.tgz#a7154f34fe7064f15f00554cc94c66cc0bf453ec"
  integrity sha512-2WuIehr2y4lmYz9gaQzetPR2ECniCifk4ORaQbU3g5EalLt+0IVTosEPJ5BoYl/75ky2mivzdRzV8wWgQGOSYQ==

ts-md5@^1.2.9:
  version "1.2.9"
  resolved "https://registry.yarnpkg.com/ts-md5/-/ts-md5-1.2.9.tgz#22c9fd2baafdfdebee1068ff4d2dc215ff51df77"
  integrity sha512-/Efr7ZfGf8P+d9HXh0PLQD1CDipqD8j9apCFG96pODDoEaFLxXpV4En6tAc6y3fWyfhFGrqtNBRBS+eLVIB2uQ==
